
Microsoft Visual Studio Solution File, Format Version 12.00
# Visual Studio Version 16
VisualStudioVersion = 16.0.32901.82
MinimumVisualStudioVersion = 10.0.40219.1
Project("{FAE04EC0-301F-11D3-BF4B-00C04F79EFBC}") = "web_diziler_uygulama", "web_diziler_uygulama\web_diziler_uygulama.csproj", "{7880DB5B-D7DA-4478-B33D-4FE8BF32D446}"
EndProject
Global
	GlobalSection(SolutionConfigurationPlatforms) = preSolution
		Debug|Any CPU = Debug|Any CPU
		Release|Any CPU = Release|Any CPU
	EndGlobalSection
	GlobalSection(ProjectConfigurationPlatforms) = postSolution
		{7880DB5B-D7DA-4478-B33D-4FE8BF32D446}.Debug|Any CPU.ActiveCfg = Debug|Any CPU
		{7880DB5B-D7DA-4478-B33D-4FE8BF32D446}.Debug|Any CPU.Build.0 = Debug|Any CPU
		{7880DB5B-D7DA-4478-B33D-4FE8BF32D446}.Release|Any CPU.ActiveCfg = Release|Any CPU
		{7880DB5B-D7DA-4478-B33D-4FE8BF32D446}.Release|Any CPU.Build.0 = Release|Any CPU
	EndGlobalSection
	GlobalSection(SolutionProperties) = preSolution
		HideSolutionNode = FALSE
	EndGlobalSection
	GlobalSection(ExtensibilityGlobals) = postSolution
		SolutionGuid = {BA9D218F-2C8B-4C10-B375-4DEB5C3A31F0}
	EndGlobalSection
EndGlobal
